
Microsoft Visual Studio Solution File, Format Version 12.00
# Visual Studio 15
Project("{FAE04EC0-301F-11D3-BF4B-00C04F79EFBC}") = "Assembly-CSharp", "Assembly-CSharp.csproj", "{57AF89DF-061E-2A89-7E6F-819AEB118D6A}"
EndProject
Project("{FAE04EC0-301F-11D3-BF4B-00C04F79EFBC}") = "PhotonChat", "PhotonChat.csproj", "{6AD81ECA-E2C8-4F18-B385-5C621B328754}"
EndProject
Project("{FAE04EC0-301F-11D3-BF4B-00C04F79EFBC}") = "PhotonUnityNetworking.Demos", "PhotonUnityNetworking.Demos.csproj", "{61C919E1-7E67-C4FF-700C-08CAB27CE176}"
EndProject
Project("{FAE04EC0-301F-11D3-BF4B-00C04F79EFBC}") = "PhotonRealtime", "PhotonRealtime.csproj", "{86162E33-C19E-76CC-3DE6-E8F56A00A9A5}"
EndProject
Project("{FAE04EC0-301F-11D3-BF4B-00C04F79EFBC}") = "PhotonUnityNetworking.Editor", "PhotonUnityNetworking.Editor.csproj", "{19DEA24B-79FE-74CC-BDF3-18EEBB29BC81}"
EndProject
Project("{FAE04EC0-301F-11D3-BF4B-00C04F79EFBC}") = "PhotonUnityNetworking", "PhotonUnityNetworking.csproj", "{DE27F07B-DE94-ED2B-CF8D-585E4C8C444E}"
EndProject
Project("{FAE04EC0-301F-11D3-BF4B-00C04F79EFBC}") = "PhotonUnityNetworking.Utilities.PhotonPlayer.Editor", "PhotonUnityNetworking.Utilities.PhotonPlayer.Editor.csproj", "{E9C002A8-F517-E3E6-E5B3-B35DD9931CFC}"
EndProject
Project("{FAE04EC0-301F-11D3-BF4B-00C04F79EFBC}") = "PhotonUnityNetworking.Utilities", "PhotonUnityNetworking.Utilities.csproj", "{C578AAA9-A03A-42F8-6953-C6EBABF3A73A}"
EndProject
Project("{FAE04EC0-301F-11D3-BF4B-00C04F79EFBC}") = "PunDemos.DemoSlotcarEditor", "PunDemos.DemoSlotcarEditor.csproj", "{FC995FD5-6152-EA40-3413-E1C309802696}"
EndProject
Project("{FAE04EC0-301F-11D3-BF4B-00C04F79EFBC}") = "PhotonUnityNetworking.Utilities.Culling.Editor", "PhotonUnityNetworking.Utilities.Culling.Editor.csproj", "{4394E393-8271-3DB6-3388-31B174324092}"
EndProject
Project("{FAE04EC0-301F-11D3-BF4B-00C04F79EFBC}") = "PunDemos.DemoHubEditor", "PunDemos.DemoHubEditor.csproj", "{916D27C9-5EB3-A7BC-58A2-0ED1E2FAF9B0}"
EndProject
Project("{FAE04EC0-301F-11D3-BF4B-00C04F79EFBC}") = "Assembly-CSharp-Editor", "Assembly-CSharp-Editor.csproj", "{0E7E7C62-A7EF-2D67-A4D9-BD27837B50D7}"
EndProject
Global
	GlobalSection(SolutionConfigurationPlatforms) = preSolution
		Debug|Any CPU = Debug|Any CPU
		Release|Any CPU = Release|Any CPU
	EndGlobalSection
	GlobalSection(ProjectConfigurationPlatforms) = postSolution
		{57AF89DF-061E-2A89-7E6F-819AEB118D6A}.Debug|Any CPU.ActiveCfg = Debug|Any CPU
		{57AF89DF-061E-2A89-7E6F-819AEB118D6A}.Debug|Any CPU.Build.0 = Debug|Any CPU
		{57AF89DF-061E-2A89-7E6F-819AEB118D6A}.Release|Any CPU.ActiveCfg = Release|Any CPU
		{57AF89DF-061E-2A89-7E6F-819AEB118D6A}.Release|Any CPU.Build.0 = Release|Any CPU
		{6AD81ECA-E2C8-4F18-B385-5C621B328754}.Debug|Any CPU.ActiveCfg = Debug|Any CPU
		{6AD81ECA-E2C8-4F18-B385-5C621B328754}.Debug|Any CPU.Build.0 = Debug|Any CPU
		{6AD81ECA-E2C8-4F18-B385-5C621B328754}.Release|Any CPU.ActiveCfg = Release|Any CPU
		{6AD81ECA-E2C8-4F18-B385-5C621B328754}.Release|Any CPU.Build.0 = Release|Any CPU
		{61C919E1-7E67-C4FF-700C-08CAB27CE176}.Debug|Any CPU.ActiveCfg = Debug|Any CPU
		{61C919E1-7E67-C4FF-700C-08CAB27CE176}.Debug|Any CPU.Build.0 = Debug|Any CPU
		{61C919E1-7E67-C4FF-700C-08CAB27CE176}.Release|Any CPU.ActiveCfg = Release|Any CPU
		{61C919E1-7E67-C4FF-700C-08CAB27CE176}.Release|Any CPU.Build.0 = Release|Any CPU
		{86162E33-C19E-76CC-3DE6-E8F56A00A9A5}.Debug|Any CPU.ActiveCfg = Debug|Any CPU
		{86162E33-C19E-76CC-3DE6-E8F56A00A9A5}.Debug|Any CPU.Build.0 = Debug|Any CPU
		{86162E33-C19E-76CC-3DE6-E8F56A00A9A5}.Release|Any CPU.ActiveCfg = Release|Any CPU
		{86162E33-C19E-76CC-3DE6-E8F56A00A9A5}.Release|Any CPU.Build.0 = Release|Any CPU
		{19DEA24B-79FE-74CC-BDF3-18EEBB29BC81}.Debug|Any CPU.ActiveCfg = Debug|Any CPU
		{19DEA24B-79FE-74CC-BDF3-18EEBB29BC81}.Debug|Any CPU.Build.0 = Debug|Any CPU
		{19DEA24B-79FE-74CC-BDF3-18EEBB29BC81}.Release|Any CPU.ActiveCfg = Release|Any CPU
		{19DEA24B-79FE-74CC-BDF3-18EEBB29BC81}.Release|Any CPU.Build.0 = Release|Any CPU
		{DE27F07B-DE94-ED2B-CF8D-585E4C8C444E}.Debug|Any CPU.ActiveCfg = Debug|Any CPU
		{DE27F07B-DE94-ED2B-CF8D-585E4C8C444E}.Debug|Any CPU.Build.0 = Debug|Any CPU
		{DE27F07B-DE94-ED2B-CF8D-585E4C8C444E}.Release|Any CPU.ActiveCfg = Release|Any CPU
		{DE27F07B-DE94-ED2B-CF8D-585E4C8C444E}.Release|Any CPU.Build.0 = Release|Any CPU
		{E9C002A8-F517-E3E6-E5B3-B35DD9931CFC}.Debug|Any CPU.ActiveCfg = Debug|Any CPU
		{E9C002A8-F517-E3E6-E5B3-B35DD9931CFC}.Debug|Any CPU.Build.0 = Debug|Any CPU
		{E9C002A8-F517-E3E6-E5B3-B35DD9931CFC}.Release|Any CPU.ActiveCfg = Release|Any CPU
		{E9C002A8-F517-E3E6-E5B3-B35DD9931CFC}.Release|Any CPU.Build.0 = Release|Any CPU
		{C578AAA9-A03A-42F8-6953-C6EBABF3A73A}.Debug|Any CPU.ActiveCfg = Debug|Any CPU
		{C578AAA9-A03A-42F8-6953-C6EBABF3A73A}.Debug|Any CPU.Build.0 = Debug|Any CPU
		{C578AAA9-A03A-42F8-6953-C6EBABF3A73A}.Release|Any CPU.ActiveCfg = Release|Any CPU
		{C578AAA9-A03A-42F8-6953-C6EBABF3A73A}.Release|Any CPU.Build.0 = Release|Any CPU
		{FC995FD5-6152-EA40-3413-E1C309802696}.Debug|Any CPU.ActiveCfg = Debug|Any CPU
		{FC995FD5-6152-EA40-3413-E1C309802696}.Debug|Any CPU.Build.0 = Debug|Any CPU
		{FC995FD5-6152-EA40-3413-E1C309802696}.Release|Any CPU.ActiveCfg = Release|Any CPU
		{FC995FD5-6152-EA40-3413-E1C309802696}.Release|Any CPU.Build.0 = Release|Any CPU
		{4394E393-8271-3DB6-3388-31B174324092}.Debug|Any CPU.ActiveCfg = Debug|Any CPU
		{4394E393-8271-3DB6-3388-31B174324092}.Debug|Any CPU.Build.0 = Debug|Any CPU
		{4394E393-8271-3DB6-3388-31B174324092}.Release|Any CPU.ActiveCfg = Release|Any CPU
		{4394E393-8271-3DB6-3388-31B174324092}.Release|Any CPU.Build.0 = Release|Any CPU
		{916D27C9-5EB3-A7BC-58A2-0ED1E2FAF9B0}.Debug|Any CPU.ActiveCfg = Debug|Any CPU
		{916D27C9-5EB3-A7BC-58A2-0ED1E2FAF9B0}.Debug|Any CPU.Build.0 = Debug|Any CPU
		{916D27C9-5EB3-A7BC-58A2-0ED1E2FAF9B0}.Release|Any CPU.ActiveCfg = Release|Any CPU
		{916D27C9-5EB3-A7BC-58A2-0ED1E2FAF9B0}.Release|Any CPU.Build.0 = Release|Any CPU
		{0E7E7C62-A7EF-2D67-A4D9-BD27837B50D7}.Debug|Any CPU.ActiveCfg = Debug|Any CPU
		{0E7E7C62-A7EF-2D67-A4D9-BD27837B50D7}.Debug|Any CPU.Build.0 = Debug|Any CPU
		{0E7E7C62-A7EF-2D67-A4D9-BD27837B50D7}.Release|Any CPU.ActiveCfg = Release|Any CPU
		{0E7E7C62-A7EF-2D67-A4D9-BD27837B50D7}.Release|Any CPU.Build.0 = Release|Any CPU
	EndGlobalSection
	GlobalSection(SolutionProperties) = preSolution
		HideSolutionNode = FALSE
	EndGlobalSection
EndGlobal
